github.com/MobRulesGames/GoLLRB v0.0.0-20121115013357-10dddd6fc70e h1:4XpSQUQZcCSogCXNTsAy8OzVxOoFYWWz6Ab1nixnL9U=
github.com/MobRulesGames/GoLLRB v0.0.0-20121115013357-10dddd6fc70e/go.mod h1:AGsFtjlVF1dLxRwVFDIkAP/vcRiPfD9eNuSWZGJQsAY=
github.com/MobRulesGames/cmwc v0.0.0-20121115013357-3397f2a36e17 h1:WtD+Yc1u0xOjFB7p9wc6ouM8iuuZfhMgMlNM8Nu3Jyw=
github.com/MobRulesGames/cmwc v0.0.0-20121115013357-3397f2a36e17/go.mod h1:HV8R2YPg5OM73tLFlcNb8kQp3PS6kzMunplS1NiHtLc=
github.com/MobRulesGames/fmod v0.0.0-20121207023041-90f897047d59 h1:liMev5j3+XXrPwj4Cw47bHvUFDvwLB7C5AuFv+mR2Io=
github.com/MobRulesGames/fmod v0.0.0-20121207023041-90f897047d59/go.mod h1:6X6o4I+6yNjDUZpbmGIK94Ia6BCrRkxCK/No4CaifWw=
github.com/MobRulesGames/fsnotify v0.0.0-20121110053322-1b2bc1227408 h1:wdcx9XfxtL1WHzALG+Iht+wvWpMT8zH551YykTGIxVg=
github.com/MobRulesGames/fsnotify v0.0.0-20121110053322-1b2bc1227408/go.mod h1:OEDqSJUPW/UJ6q25GvbR9CiCUNEutiy1VyBd2GbsTxY=
github.com/MobRulesGames/glop v0.0.0-20121117061404-7b9b5ba27637 h1:pHR+vleB93Mx3ZzXwZDoWmorf5dr2T1X+iTwvxScsBg=
github.com/MobRulesGames/glop v0.0.0-20121117061404-7b9b5ba27637/go.mod h1:k274Whl+V1sYyHJRgOObSD1Iqu+i7d7ugouz18t5Q3k=
github.com/MobRulesGames/gogl v0.0.0-20121117193847-9c2a49443990 h1:rYJQJyUVer+UaF5ssNQ7NAfawUgceQpwNZ2okOt5wLg=
github.com/MobRulesGames/gogl v0.0.0-20121117193847-9c2a49443990/go.mod h1:xRZi8dnJtWwPYz7zKJv7eaDjIOyC+ogIAWSRlCZAxWI=
github.com/MobRulesGames/golua v0.0.0-20120622212636-5a5ec5615e86 h1:dyvn2yZrPZHqdFFy/C9k4KkVw1Y2rRgMq8Qgz1u7wNY=
github.com/MobRulesGames/golua v0.0.0-20120622212636-5a5ec5615e86/go.mod h1:rssLrxruUVO+6SAH+bWvwxJbkDiqrZhIO2v3xKdweII=
github.com/MobRulesGames/mathgl v0.0.0-20120424214601-79bd4ce3042d h1:Rh3yrqrbhJpaxmPYreA73YB5yBl7f9ULUMeZcaHmEag=
github.com/MobRulesGames/mathgl v0.0.0-20120424214601-79bd4ce3042d/go.mod h1:wXL75i6wDmeUURnQnNtW2xpiuPmDzPk2JnpQbm7Esu0=
github.com/MobRulesGames/memory v0.0.0-20120626004817-db5bb35fd894 h1:26ZCnKDg9vNxiOK0VZ/tN2tg34DfrhKB0Xg5jUWkO8A=
github.com/MobRulesGames/memory v0.0.0-20120626004817-db5bb35fd894/go.mod h1:w5jrl1aXV+AZaP1ye7wO8xB3ne7U2CkweE0atB7FPwk=
github.com/MobRulesGames/opengl v0.0.0-20121115013359-5beafb9fb3b3 h1:0Gh/6v/TMLPaho7LjvcYXBX0yFed0AJi5Pscy1p5mvo=
github.com/MobRulesGames/opengl v0.0.0-20121115013359-5beafb9fb3b3/go.mod h1:5lEWNJrwRD33Sb0ScERpH7bkXfd+UUcMtvEcg2p0I9o=
github.com/MobRulesGames/stringz v0.0.0-20121115013359-1e8b7efed92b h1:ppAkvT9GhkhPEVfGjSUwwDUOXNXQjgMJhq1yNhQP7mk=
github.com/MobRulesGames/stringz v0.0.0-20121115013359-1e8b7efed92b/go.mod h1:WeBP2utisYgXqq9MMzjzASVRgutZVCVcS/73p/f0EZc=
github.com/MobRulesGames/yedparse v0.0.0-20121115013359-9c2bf30c1280 h1:1BL2UsnRt3LpXtH2skerRbYzN8xXrgstUU75+kDDJng=
github.com/MobRulesGames/yedparse v0.0.0-20121115013359-9c2bf30c1280/go.mod h1:JHbp4zXR0O/4x0ipK5npozRn19ThyF1BAovVDtEB16I=
github.com/golang/freetype v0.0.0-20120725121025-28cc5fbc5d0b h1:Wz3T/RQZq290dBxQ5Iu2Ot5KIyMWkSJWWp2NMvV7OYE=
github.com/golang/freetype v0.0.0-20120725121025-28cc5fbc5d0b/go.mod h1:E/TSTwGwJL78qG/PmXZO1EjYhfJinVAhrmmHX6Z8B9k=
github.com/howeyc/fsnotify v0.9.0 h1:0gtV5JmOKH4A8SsFxG2BczSeXWWPvcMT0euZt5gDAxY=
github.com/howeyc/fsnotify v0.9.0/go.mod h1:41HzSPxBGeFRQKEEwgh49TRw/nKBsYZ2cF1OzPjSJsA=
github.com/orfjackal/gospec v0.0.0-20140731185859-a21081619255 h1:ijtHD/28+EHo0NH8Ev8Y1TGiZdyLKbDaT4Jo9p0IufM=
github.com/orfjackal/gospec v0.0.0-20140731185859-a21081619255/go.mod h1:s9jdgxV9J9CqMIKkedEWkAI6u7WsfJRXokgrzVfK39Q=
github.com/orfjackal/nanospec.go v0.0.0-20120727230329-de4694c1d701 h1:yOXfzNV7qkZ3nf2NPqy4BMzlCmnQzIEbI1vuqKb2FkQ=
github.com/orfjackal/nanospec.go v0.0.0-20120727230329-de4694c1d701/go.mod h1:VtBIF1XX0c1nKkeAPk8i4aXkYopqQgfDqolHUIHPwNI=
